
Microsoft Visual Studio Solution File, Format Version 12.00
# Visual Studio Version 16
VisualStudioVersion = 16.0.32126.315
MinimumVisualStudioVersion = 10.0.40219.1
Project("{FAE04EC0-301F-11D3-BF4B-00C04F79EFBC}") = "Xndir1", "Xndir1\Xndir1.csproj", "{1CE5CD25-E037-4986-97E4-520DE16EB489}"
EndProject
Global
	GlobalSection(SolutionConfigurationPlatforms) = preSolution
		Debug|Any CPU = Debug|Any CPU
		Release|Any CPU = Release|Any CPU
	EndGlobalSection
	GlobalSection(ProjectConfigurationPlatforms) = postSolution
		{1CE5CD25-E037-4986-97E4-520DE16EB489}.Debug|Any CPU.ActiveCfg = Debug|Any CPU
		{1CE5CD25-E037-4986-97E4-520DE16EB489}.Debug|Any CPU.Build.0 = Debug|Any CPU
		{1CE5CD25-E037-4986-97E4-520DE16EB489}.Release|Any CPU.ActiveCfg = Release|Any CPU
		{1CE5CD25-E037-4986-97E4-520DE16EB489}.Release|Any CPU.Build.0 = Release|Any CPU
	EndGlobalSection
	GlobalSection(SolutionProperties) = preSolution
		HideSolutionNode = FALSE
	EndGlobalSection
	GlobalSection(ExtensibilityGlobals) = postSolution
		SolutionGuid = {FEDB10DC-4F71-4066-A548-59B41FC7856B}
	EndGlobalSection
EndGlobal
